
Microsoft Visual Studio Solution File, Format Version 12.00
# Visual Studio 15
VisualStudioVersion = 15.0.27130.2036
MinimumVisualStudioVersion = 10.0.40219.1
Project("{2150E333-8FDC-42A3-9474-1A3956D46DE8}") = "SolutionExample", "SolutionExample", "{C6FFD3B4-5454-4810-9AE5-08667D817931}"
EndProject
Project("{2150E333-8FDC-42A3-9474-1A3956D46DE8}") = "Services", "Services", "{554C4C7B-231E-447D-9A4F-9A4FBBE888DA}"
EndProject
Project("{FAE04EC0-301F-11D3-BF4B-00C04F79EFBC}") = "AFBus", "AFBus\AFBus.csproj", "{823C9F39-E2F4-4F6A-ACC4-36C4DAB521B3}"
EndProject
Project("{FAE04EC0-301F-11D3-BF4B-00C04F79EFBC}") = "AFBus.Tests", "AFBus.Tests\AFBus.Tests.csproj", "{48E4DB04-35AE-42B7-B30C-2A57A5C2F1E9}"
EndProject
Project("{2150E333-8FDC-42A3-9474-1A3956D46DE8}") = "Sagas", "Sagas", "{1651633C-6107-42C4-A48F-4B565754EA60}"
EndProject
Project("{9A19103F-16F7-4668-BE54-9A1E7A4F7556}") = "OrderSaga", "SolutionExample\Sagas\OrderSaga\OrderSaga.csproj", "{19B93CAA-047C-4ABA-A03E-1C2B5C5C63EC}"
EndProject
Project("{FAE04EC0-301F-11D3-BF4B-00C04F79EFBC}") = "OrderSaga.Messages", "SolutionExample\Sagas\OrderSagaMessages\OrderSaga.Messages.csproj", "{7C8892F8-C498-4C5A-B798-F4DD58575065}"
EndProject
Project("{9A19103F-16F7-4668-BE54-9A1E7A4F7556}") = "ShippingService", "SolutionExample\Services\ShippingService\ShippingService.csproj", "{21D7556E-6ECB-4D8F-B214-8574843BBFCF}"
EndProject
Project("{FAE04EC0-301F-11D3-BF4B-00C04F79EFBC}") = "ShippingService.Messages", "SolutionExample\Services\ShippingService.Messages\ShippingService.Messages.csproj", "{FD819149-1E6C-48D2-A241-9704AA7DBC75}"
EndProject
Project("{9A19103F-16F7-4668-BE54-9A1E7A4F7556}") = "PaymentService", "SolutionExample\Services\PaymentService\PaymentService.csproj", "{8012E80F-66F0-4516-B83F-FF2638BEE308}"
EndProject
Project("{FAE04EC0-301F-11D3-BF4B-00C04F79EFBC}") = "PaymentService.Messages", "SolutionExample\Services\PaymentService.Messages\PaymentService.Messages.csproj", "{3CC93785-CCE3-4063-9E59-7A2D0707147B}"
EndProject
Project("{2150E333-8FDC-42A3-9474-1A3956D46DE8}") = "UI", "UI", "{E9F0B94D-7865-49E3-926B-5E39BC8E9DD7}"
EndProject
Project("{FAE04EC0-301F-11D3-BF4B-00C04F79EFBC}") = "UIExample", "SolutionExample\UI\UIExample\UIExample.csproj", "{0F537F56-BBEF-4DCD-A121-6A7EBF82696B}"
EndProject
Project("{FAE04EC0-301F-11D3-BF4B-00C04F79EFBC}") = "OrderSaga.Tests", "SolutionExample\Sagas\OrderSaga.Tests\OrderSaga.Tests.csproj", "{2238B73D-18D0-46AA-8C5A-16C2CF3A251C}"
EndProject

Global
	GlobalSection(SolutionConfigurationPlatforms) = preSolution
		Debug|Any CPU = Debug|Any CPU
		Release|Any CPU = Release|Any CPU
	EndGlobalSection
	GlobalSection(ProjectConfigurationPlatforms) = postSolution
		{823C9F39-E2F4-4F6A-ACC4-36C4DAB521B3}.Debug|Any CPU.ActiveCfg = Debug|Any CPU
		{823C9F39-E2F4-4F6A-ACC4-36C4DAB521B3}.Debug|Any CPU.Build.0 = Debug|Any CPU
		{823C9F39-E2F4-4F6A-ACC4-36C4DAB521B3}.Release|Any CPU.ActiveCfg = Release|Any CPU
		{823C9F39-E2F4-4F6A-ACC4-36C4DAB521B3}.Release|Any CPU.Build.0 = Release|Any CPU
		{48E4DB04-35AE-42B7-B30C-2A57A5C2F1E9}.Debug|Any CPU.ActiveCfg = Debug|Any CPU
		{48E4DB04-35AE-42B7-B30C-2A57A5C2F1E9}.Debug|Any CPU.Build.0 = Debug|Any CPU
		{48E4DB04-35AE-42B7-B30C-2A57A5C2F1E9}.Release|Any CPU.ActiveCfg = Release|Any CPU
		{48E4DB04-35AE-42B7-B30C-2A57A5C2F1E9}.Release|Any CPU.Build.0 = Release|Any CPU
		{19B93CAA-047C-4ABA-A03E-1C2B5C5C63EC}.Debug|Any CPU.ActiveCfg = Debug|Any CPU
		{19B93CAA-047C-4ABA-A03E-1C2B5C5C63EC}.Debug|Any CPU.Build.0 = Debug|Any CPU
		{19B93CAA-047C-4ABA-A03E-1C2B5C5C63EC}.Release|Any CPU.ActiveCfg = Release|Any CPU
		{19B93CAA-047C-4ABA-A03E-1C2B5C5C63EC}.Release|Any CPU.Build.0 = Release|Any CPU
		{7C8892F8-C498-4C5A-B798-F4DD58575065}.Debug|Any CPU.ActiveCfg = Debug|Any CPU
		{7C8892F8-C498-4C5A-B798-F4DD58575065}.Debug|Any CPU.Build.0 = Debug|Any CPU
		{7C8892F8-C498-4C5A-B798-F4DD58575065}.Release|Any CPU.ActiveCfg = Release|Any CPU
		{7C8892F8-C498-4C5A-B798-F4DD58575065}.Release|Any CPU.Build.0 = Release|Any CPU
		{21D7556E-6ECB-4D8F-B214-8574843BBFCF}.Debug|Any CPU.ActiveCfg = Debug|Any CPU
		{21D7556E-6ECB-4D8F-B214-8574843BBFCF}.Debug|Any CPU.Build.0 = Debug|Any CPU
		{21D7556E-6ECB-4D8F-B214-8574843BBFCF}.Release|Any CPU.ActiveCfg = Release|Any CPU
		{21D7556E-6ECB-4D8F-B214-8574843BBFCF}.Release|Any CPU.Build.0 = Release|Any CPU
		{FD819149-1E6C-48D2-A241-9704AA7DBC75}.Debug|Any CPU.ActiveCfg = Debug|Any CPU
		{FD819149-1E6C-48D2-A241-9704AA7DBC75}.Debug|Any CPU.Build.0 = Debug|Any CPU
		{FD819149-1E6C-48D2-A241-9704AA7DBC75}.Release|Any CPU.ActiveCfg = Release|Any CPU
		{FD819149-1E6C-48D2-A241-9704AA7DBC75}.Release|Any CPU.Build.0 = Release|Any CPU
		{8012E80F-66F0-4516-B83F-FF2638BEE308}.Debug|Any CPU.ActiveCfg = Debug|Any CPU
		{8012E80F-66F0-4516-B83F-FF2638BEE308}.Debug|Any CPU.Build.0 = Debug|Any CPU
		{8012E80F-66F0-4516-B83F-FF2638BEE308}.Release|Any CPU.ActiveCfg = Release|Any CPU
		{8012E80F-66F0-4516-B83F-FF2638BEE308}.Release|Any CPU.Build.0 = Release|Any CPU
		{3CC93785-CCE3-4063-9E59-7A2D0707147B}.Debug|Any CPU.ActiveCfg = Debug|Any CPU
		{3CC93785-CCE3-4063-9E59-7A2D0707147B}.Debug|Any CPU.Build.0 = Debug|Any CPU
		{3CC93785-CCE3-4063-9E59-7A2D0707147B}.Release|Any CPU.ActiveCfg = Release|Any CPU
		{3CC93785-CCE3-4063-9E59-7A2D0707147B}.Release|Any CPU.Build.0 = Release|Any CPU

		{0F537F56-BBEF-4DCD-A121-6A7EBF82696B}.Debug|Any CPU.ActiveCfg = Debug|Any CPU
		{0F537F56-BBEF-4DCD-A121-6A7EBF82696B}.Debug|Any CPU.Build.0 = Debug|Any CPU
		{0F537F56-BBEF-4DCD-A121-6A7EBF82696B}.Release|Any CPU.ActiveCfg = Release|Any CPU
		{0F537F56-BBEF-4DCD-A121-6A7EBF82696B}.Release|Any CPU.Build.0 = Release|Any CPU

		{2238B73D-18D0-46AA-8C5A-16C2CF3A251C}.Debug|Any CPU.ActiveCfg = Debug|Any CPU
		{2238B73D-18D0-46AA-8C5A-16C2CF3A251C}.Debug|Any CPU.Build.0 = Debug|Any CPU
		{2238B73D-18D0-46AA-8C5A-16C2CF3A251C}.Release|Any CPU.ActiveCfg = Release|Any CPU
		{2238B73D-18D0-46AA-8C5A-16C2CF3A251C}.Release|Any CPU.Build.0 = Release|Any CPU

	EndGlobalSection
	GlobalSection(SolutionProperties) = preSolution
		HideSolutionNode = FALSE
	EndGlobalSection
	GlobalSection(NestedProjects) = preSolution
		{554C4C7B-231E-447D-9A4F-9A4FBBE888DA} = {C6FFD3B4-5454-4810-9AE5-08667D817931}
		{1651633C-6107-42C4-A48F-4B565754EA60} = {C6FFD3B4-5454-4810-9AE5-08667D817931}
		{19B93CAA-047C-4ABA-A03E-1C2B5C5C63EC} = {1651633C-6107-42C4-A48F-4B565754EA60}
		{7C8892F8-C498-4C5A-B798-F4DD58575065} = {1651633C-6107-42C4-A48F-4B565754EA60}
		{21D7556E-6ECB-4D8F-B214-8574843BBFCF} = {554C4C7B-231E-447D-9A4F-9A4FBBE888DA}
		{FD819149-1E6C-48D2-A241-9704AA7DBC75} = {554C4C7B-231E-447D-9A4F-9A4FBBE888DA}
		{8012E80F-66F0-4516-B83F-FF2638BEE308} = {554C4C7B-231E-447D-9A4F-9A4FBBE888DA}
		{3CC93785-CCE3-4063-9E59-7A2D0707147B} = {554C4C7B-231E-447D-9A4F-9A4FBBE888DA}

		{E9F0B94D-7865-49E3-926B-5E39BC8E9DD7} = {C6FFD3B4-5454-4810-9AE5-08667D817931}
		{0F537F56-BBEF-4DCD-A121-6A7EBF82696B} = {E9F0B94D-7865-49E3-926B-5E39BC8E9DD7}

		{2238B73D-18D0-46AA-8C5A-16C2CF3A251C} = {1651633C-6107-42C4-A48F-4B565754EA60}

	EndGlobalSection
	GlobalSection(ExtensibilityGlobals) = postSolution
		SolutionGuid = {43871F95-647E-4F15-B70D-C35282E8CE1E}
	EndGlobalSection
EndGlobal
