
Microsoft Visual Studio Solution File, Format Version 12.00
# Visual Studio 15
VisualStudioVersion = 15.0.27130.2036
MinimumVisualStudioVersion = 10.0.40219.1
Project("{9A19103F-16F7-4668-BE54-9A1E7A4F7556}") = "AFBusCore", "AFBusCore\AFBusCore.csproj", "{54CBDB12-356B-4851-B4EF-0784D9CF6617}"
EndProject
Project("{9A19103F-16F7-4668-BE54-9A1E7A4F7556}") = "AFBusCore.Tests", "AFBusCore.Tests\AFBusCore.Tests.csproj", "{DBD38718-30B0-4012-9306-DF3BA41D73FC}"
EndProject
Global
	GlobalSection(SolutionConfigurationPlatforms) = preSolution
		Debug|Any CPU = Debug|Any CPU
		Release|Any CPU = Release|Any CPU
	EndGlobalSection
	GlobalSection(ProjectConfigurationPlatforms) = postSolution
		{54CBDB12-356B-4851-B4EF-0784D9CF6617}.Debug|Any CPU.ActiveCfg = Debug|Any CPU
		{54CBDB12-356B-4851-B4EF-0784D9CF6617}.Debug|Any CPU.Build.0 = Debug|Any CPU
		{54CBDB12-356B-4851-B4EF-0784D9CF6617}.Release|Any CPU.ActiveCfg = Release|Any CPU
		{54CBDB12-356B-4851-B4EF-0784D9CF6617}.Release|Any CPU.Build.0 = Release|Any CPU
		{DBD38718-30B0-4012-9306-DF3BA41D73FC}.Debug|Any CPU.ActiveCfg = Debug|Any CPU
		{DBD38718-30B0-4012-9306-DF3BA41D73FC}.Debug|Any CPU.Build.0 = Debug|Any CPU
		{DBD38718-30B0-4012-9306-DF3BA41D73FC}.Release|Any CPU.ActiveCfg = Release|Any CPU
		{DBD38718-30B0-4012-9306-DF3BA41D73FC}.Release|Any CPU.Build.0 = Release|Any CPU
	EndGlobalSection
	GlobalSection(SolutionProperties) = preSolution
		HideSolutionNode = FALSE
	EndGlobalSection
	GlobalSection(ExtensibilityGlobals) = postSolution
		SolutionGuid = {43871F95-647E-4F15-B70D-C35282E8CE1E}
	EndGlobalSection
EndGlobal
